github.com/bill-lhr/personal v0.0.0-20220725122024-c17dd3ac7310 h1:SgAZd3zepUqzulfRgmWaF82Rs+3pxo289qmaokLCNq8=
github.com/bill-lhr/personal v0.0.0-20220725122024-c17dd3ac7310/go.mod h1:U/ANuuRQ6kwGtQaXDu3TvCboLMday0QQMmQApYJT8So=
github.com/bill-lhr/utils v0.0.0-20220707120410-159fad212f21 h1:sItciZaCpJq0Q9UKNU+bEy9JBlZBn13Gfvk45e4WO0A=
github.com/bill-lhr/utils v0.0.0-20220707120410-159fad212f21/go.mod h1:Rvz1vzIpc5Lw28VeHoA+7Na50q+MEKIMYn6WtmWc9KM=
